
Microsoft Visual Studio Solution File, Format Version 12.00
# Visual Studio Version 17
VisualStudioVersion = 17.2.32630.192
MinimumVisualStudioVersion = 10.0.40219.1
Project("{FAE04EC0-301F-11D3-BF4B-00C04F79EFBC}") = "FileManager2", "FileManager2\FileManager2.csproj", "{CF18CC50-FA68-4DE4-97F9-058E4F8E7BBC}"
EndProject
Global
	GlobalSection(SolutionConfigurationPlatforms) = preSolution
		Debug|Any CPU = Debug|Any CPU
		Release|Any CPU = Release|Any CPU
	EndGlobalSection
	GlobalSection(ProjectConfigurationPlatforms) = postSolution
		{CF18CC50-FA68-4DE4-97F9-058E4F8E7BBC}.Debug|Any CPU.ActiveCfg = Debug|Any CPU
		{CF18CC50-FA68-4DE4-97F9-058E4F8E7BBC}.Debug|Any CPU.Build.0 = Debug|Any CPU
		{CF18CC50-FA68-4DE4-97F9-058E4F8E7BBC}.Release|Any CPU.ActiveCfg = Release|Any CPU
		{CF18CC50-FA68-4DE4-97F9-058E4F8E7BBC}.Release|Any CPU.Build.0 = Release|Any CPU
	EndGlobalSection
	GlobalSection(SolutionProperties) = preSolution
		HideSolutionNode = FALSE
	EndGlobalSection
	GlobalSection(ExtensibilityGlobals) = postSolution
		SolutionGuid = {88642D7E-F2F5-4586-BBAD-2BBD747B99E1}
	EndGlobalSection
EndGlobal
